<?xml version="1.0" encoding="UTF-8" standalone="yes" ?>
<CodeBlocks_project_file>
	<FileVersion major="1" minor="6" />
	<Project>
		<Option title="rw" />
		<Option pch_mode="2" />
		<Option compiler="gcc" />
		<Build>
			<Target title="Debug">
				<Option output="bin/Debug/rw" prefix_auto="1" extension_auto="1" />
				<Option object_output="obj/Debug/" />
				<Option type="1" />
				<Option compiler="gcc" />
				<Compiler>
					<Add option="-g" />
				</Compiler>
			</Target>
			<Target title="Release">
				<Option output="bin/Release/rw" prefix_auto="1" extension_auto="1" />
				<Option object_output="obj/Release/" />
				<Option type="1" />
				<Option compiler="gcc" />
				<Compiler>
					<Add option="-O2" />
				</Compiler>
				<Linker>
					<Add option="-s" />
				</Linker>
			</Target>
		</Build>
		<Compiler>
			<Add option="-Wall" />
		</Compiler>
		<Unit filename="base/lib_ic.c">
			<Option compilerVar="CC" />
		</Unit>
		<Unit filename="base/lib_rwp.c">
			<Option compilerVar="CC" />
		</Unit>
		<Unit filename="base/regdefs.c">
			<Option compilerVar="CC" />
		</Unit>
		<Unit filename="base/shaft.c">
			<Option compilerVar="CC" />
		</Unit>
		<Unit filename="base/speed.asm" />
		<Unit filename="behavior/1meter.c">
			<Option compilerVar="CC" />
		</Unit>
		<Unit filename="behavior/rotate.c">
			<Option compilerVar="CC" />
		</Unit>
		<Unit filename="firmware/6811regs.asm" />
		<Unit filename="firmware/ldxibase.asm" />
		<Unit filename="firmware/lib_hb.c">
			<Option compilerVar="CC" />
		</Unit>
		<Unit filename="firmware/lib_ic.c">
			<Option compilerVar="CC" />
		</Unit>
		<Unit filename="firmware/lib_r22.c">
			<Option compilerVar="CC" />
		</Unit>
		<Unit filename="firmware/lib_rw10.c">
			<Option compilerVar="CC" />
		</Unit>
		<Unit filename="firmware/lib_rw11.c">
			<Option compilerVar="CC" />
		</Unit>
		<Unit filename="firmware/lib_rwp.c">
			<Option compilerVar="CC" />
		</Unit>
		<Unit filename="firmware/pcode_eq.asm" />
		<Unit filename="firmware/r21_beep.asm" />
		<Unit filename="firmware/r21_eq.asm" />
		<Unit filename="firmware/r22_beep.asm" />
		<Unit filename="firmware/r22_eq.asm" />
		<Unit filename="firmware/sb_beep.asm" />
		<Unit filename="firmware/sbot_eq.asm" />
		<Unit filename="firmware/speed.asm" />
		<Unit filename="music/cof.c">
			<Option compilerVar="CC" />
		</Unit>
		<Unit filename="music/echo.c">
			<Option compilerVar="CC" />
		</Unit>
		<Unit filename="music/tunes.c">
			<Option compilerVar="CC" />
		</Unit>
		<Unit filename="shared/common.c">
			<Option compilerVar="CC" />
		</Unit>
		<Unit filename="shared/convert.c">
			<Option compilerVar="CC" />
		</Unit>
		<Unit filename="shared/motor.c">
			<Option compilerVar="CC" />
		</Unit>
		<Unit filename="shared/screen.c">
			<Option compilerVar="CC" />
		</Unit>
		<Unit filename="shared/sonar.c">
			<Option compilerVar="CC" />
		</Unit>
		<Unit filename="test/aie.c">
			<Option compilerVar="CC" />
		</Unit>
		<Unit filename="test/analog5.c">
			<Option compilerVar="CC" />
		</Unit>
		<Unit filename="test/analog6.c">
			<Option compilerVar="CC" />
		</Unit>
		<Unit filename="test/analog7.c">
			<Option compilerVar="CC" />
		</Unit>
		<Unit filename="test/bumper.c">
			<Option compilerVar="CC" />
		</Unit>
		<Unit filename="test/encoder.c">
			<Option compilerVar="CC" />
		</Unit>
		<Unit filename="test/ir.c">
			<Option compilerVar="CC" />
		</Unit>
		<Unit filename="test/lcd.c">
			<Option compilerVar="CC" />
		</Unit>
		<Unit filename="test/mic.c">
			<Option compilerVar="CC" />
		</Unit>
		<Unit filename="test/motor.c">
			<Option compilerVar="CC" />
		</Unit>
		<Unit filename="test/photo.c">
			<Option compilerVar="CC" />
		</Unit>
		<Unit filename="test/piezo.c">
			<Option compilerVar="CC" />
		</Unit>
		<Unit filename="test/shaftenc.c">
			<Option compilerVar="CC" />
		</Unit>
		<Unit filename="test/sonar.c">
			<Option compilerVar="CC" />
		</Unit>
		<Unit filename="test/user_digital.c">
			<Option compilerVar="CC" />
		</Unit>
		<Extensions>
			<code_completion />
			<debugger />
		</Extensions>
	</Project>
</CodeBlocks_project_file>
